// !$*UTF8*$!
{
	archiveVersion = 1;
	classes = {
	};
	objectVersion = 50;
	objects = {

/* Begin PBXBuildFile section */
		909118582381841F007ED55C /* AppDelegate.swift in Sources */ = {isa = PBXBuildFile; fileRef = 909118572381841F007ED55C /* AppDelegate.swift */; };
		9091185A2381841F007ED55C /* SceneDelegate.swift in Sources */ = {isa = PBXBuildFile; fileRef = 909118592381841F007ED55C /* SceneDelegate.swift */; };
		9091185C2381841F007ED55C /* ContentView.swift in Sources */ = {isa = PBXBuildFile; fileRef = 9091185B2381841F007ED55C /* ContentView.swift */; };
		9091185E23818420007ED55C /* Assets.xcassets in Resources */ = {isa = PBXBuildFile; fileRef = 9091185D23818420007ED55C /* Assets.xcassets */; };
		9091186123818420007ED55C /* Preview Assets.xcassets in Resources */ = {isa = PBXBuildFile; fileRef = 9091186023818420007ED55C /* Preview Assets.xcassets */; };
		9091186423818420007ED55C /* LaunchScreen.storyboard in Resources */ = {isa = PBXBuildFile; fileRef = 9091186223818420007ED55C /* LaunchScreen.storyboard */; };
		90F7786B2382EC35007061D2 /* OrderListView.swift in Sources */ = {isa = PBXBuildFile; fileRef = 90F7786A2382EC35007061D2 /* OrderListView.swift */; };
		90F7786D2382ED0F007061D2 /* MenuListView.swift in Sources */ = {isa = PBXBuildFile; fileRef = 90F7786C2382ED0F007061D2 /* MenuListView.swift */; };
		90F7786F2382EDA6007061D2 /* ContentHeaderView.swift in Sources */ = {isa = PBXBuildFile; fileRef = 90F7786E2382EDA6007061D2 /* ContentHeaderView.swift */; };
		90F778712382F069007061D2 /* OrderRowView.swift in Sources */ = {isa = PBXBuildFile; fileRef = 90F778702382F069007061D2 /* OrderRowView.swift */; };
		90F778732382F105007061D2 /* MenuRowView.swift in Sources */ = {isa = PBXBuildFile; fileRef = 90F778722382F105007061D2 /* MenuRowView.swift */; };
		90F778752382F156007061D2 /* RatingsView.swift in Sources */ = {isa = PBXBuildFile; fileRef = 90F778742382F156007061D2 /* RatingsView.swift */; };
/* End PBXBuildFile section */

/* Begin PBXFileReference section */
		909118542381841F007ED55C /* Huli Pizza.app */ = {isa = PBXFileReference; explicitFileType = wrapper.application; includeInIndex = 0; path = "Huli Pizza.app"; sourceTree = BUILT_PRODUCTS_DIR; };
		909118572381841F007ED55C /* AppDelegate.swift */ = {isa = PBXFileReference; lastKnownFileType = sourcecode.swift; path = AppDelegate.swift; sourceTree = "<group>"; };
		909118592381841F007ED55C /* SceneDelegate.swift */ = {isa = PBXFileReference; lastKnownFileType = sourcecode.swift; path = SceneDelegate.swift; sourceTree = "<group>"; };
		9091185B2381841F007ED55C /* ContentView.swift */ = {isa = PBXFileReference; lastKnownFileType = sourcecode.swift; path = ContentView.swift; sourceTree = "<group>"; };
		9091185D23818420007ED55C /* Assets.xcassets */ = {isa = PBXFileReference; lastKnownFileType = folder.assetcatalog; path = Assets.xcassets; sourceTree = "<group>"; };
		9091186023818420007ED55C /* Preview Assets.xcassets */ = {isa = PBXFileReference; lastKnownFileType = folder.assetcatalog; path = "Preview Assets.xcassets"; sourceTree = "<group>"; };
		9091186323818420007ED55C /* Base */ = {isa = PBXFileReference; lastKnownFileType = file.storyboard; name = Base; path = Base.lproj/LaunchScreen.storyboard; sourceTree = "<group>"; };
		9091186523818420007ED55C /* Info.plist */ = {isa = PBXFileReference; lastKnownFileType = text.plist.xml; path = Info.plist; sourceTree = "<group>"; };
		90F7786A2382EC35007061D2 /* OrderListView.swift */ = {isa = PBXFileReference; lastKnownFileType = sourcecode.swift; path = OrderListView.swift; sourceTree = "<group>"; };
		90F7786C2382ED0F007061D2 /* MenuListView.swift */ = {isa = PBXFileReference; lastKnownFileType = sourcecode.swift; path = MenuListView.swift; sourceTree = "<group>"; };
		90F7786E2382EDA6007061D2 /* ContentHeaderView.swift */ = {isa = PBXFileReference; lastKnownFileType = sourcecode.swift; path = ContentHeaderView.swift; sourceTree = "<group>"; };
		90F778702382F069007061D2 /* OrderRowView.swift */ = {isa = PBXFileReference; lastKnownFileType = sourcecode.swift; path = OrderRowView.swift; sourceTree = "<group>"; };
		90F778722382F105007061D2 /* MenuRowView.swift */ = {isa = PBXFileReference; lastKnownFileType = sourcecode.swift; path = MenuRowView.swift; sourceTree = "<group>"; };
		90F778742382F156007061D2 /* RatingsView.swift */ = {isa = PBXFileReference; lastKnownFileType = sourcecode.swift; path = RatingsView.swift; sourceTree = "<group>"; };
/* End PBXFileReference section */

/* Begin PBXFrameworksBuildPhase section */
		909118512381841F007ED55C /* Frameworks */ = {
			isa = PBXFrameworksBuildPhase;
			buildActionMask = 2147483647;
			files = (
			);
			runOnlyForDeploymentPostprocessing = 0;
		};
/* End PBXFrameworksBuildPhase section */

/* Begin PBXGroup section */
		9091184B2381841F007ED55C = {
			isa = PBXGroup;
			children = (
				909118562381841F007ED55C /* Huli Pizza */,
				909118552381841F007ED55C /* Products */,
			);
			sourceTree = "<group>";
		};
		909118552381841F007ED55C /* Products */ = {
			isa = PBXGroup;
			children = (
				909118542381841F007ED55C /* Huli Pizza.app */,
			);
			name = Products;
			sourceTree = "<group>";
		};
		909118562381841F007ED55C /* Huli Pizza */ = {
			isa = PBXGroup;
			children = (
				90F778692382EBCE007061D2 /* OrderView */,
				90F778682382EBC4007061D2 /* MenuView */,
				90F778672382EBB9007061D2 /* HistoryView */,
				90F778662382EBB0007061D2 /* Model */,
				909118572381841F007ED55C /* AppDelegate.swift */,
				909118592381841F007ED55C /* SceneDelegate.swift */,
				9091185B2381841F007ED55C /* ContentView.swift */,
				9091185D23818420007ED55C /* Assets.xcassets */,
				9091186223818420007ED55C /* LaunchScreen.storyboard */,
				9091186523818420007ED55C /* Info.plist */,
				9091185F23818420007ED55C /* Preview Content */,
				90F7786E2382EDA6007061D2 /* ContentHeaderView.swift */,
			);
			path = "Huli Pizza";
			sourceTree = "<group>";
		};
		9091185F23818420007ED55C /* Preview Content */ = {
			isa = PBXGroup;
			children = (
				9091186023818420007ED55C /* Preview Assets.xcassets */,
			);
			path = "Preview Content";
			sourceTree = "<group>";
		};
		90F778662382EBB0007061D2 /* Model */ = {
			isa = PBXGroup;
			children = (
			);
			path = Model;
			sourceTree = "<group>";
		};
		90F778672382EBB9007061D2 /* HistoryView */ = {
			isa = PBXGroup;
			children = (
			);
			path = HistoryView;
			sourceTree = "<group>";
		};
		90F778682382EBC4007061D2 /* MenuView */ = {
			isa = PBXGroup;
			children = (
				90F7786C2382ED0F007061D2 /* MenuListView.swift */,
				90F778722382F105007061D2 /* MenuRowView.swift */,
				90F778742382F156007061D2 /* RatingsView.swift */,
			);
			path = MenuView;
			sourceTree = "<group>";
		};
		90F778692382EBCE007061D2 /* OrderView */ = {
			isa = PBXGroup;
			children = (
				90F7786A2382EC35007061D2 /* OrderListView.swift */,
				90F778702382F069007061D2 /* OrderRowView.swift */,
			);
			path = OrderView;
			sourceTree = "<group>";
		};
/* End PBXGroup section */

/* Begin PBXNativeTarget section */
		909118532381841F007ED55C /* Huli Pizza */ = {
			isa = PBXNativeTarget;
			buildConfigurationList = 9091186823818420007ED55C /* Build configuration list for PBXNativeTarget "Huli Pizza" */;
			buildPhases = (
				909118502381841F007ED55C /* Sources */,
				909118512381841F007ED55C /* Frameworks */,
				909118522381841F007ED55C /* Resources */,
			);
			buildRules = (
			);
			dependencies = (
			);
			name = "Huli Pizza";
			productName = "Huli Pizza";
			productReference = 909118542381841F007ED55C /* Huli Pizza.app */;
			productType = "com.apple.product-type.application";
		};
/* End PBXNativeTarget section */

/* Begin PBXProject section */
		9091184C2381841F007ED55C /* Project object */ = {
			isa = PBXProject;
			attributes = {
				LastSwiftUpdateCheck = 1120;
				LastUpgradeCheck = 1120;
				ORGANIZATIONNAME = "Francis Jemuel Bergonia";
				TargetAttributes = {
					909118532381841F007ED55C = {
						CreatedOnToolsVersion = 11.2.1;
					};
				};
			};
			buildConfigurationList = 9091184F2381841F007ED55C /* Build configuration list for PBXProject "Huli Pizza" */;
			compatibilityVersion = "Xcode 9.3";
			developmentRegion = en;
			hasScannedForEncodings = 0;
			knownRegions = (
				en,
				Base,
			);
			mainGroup = 9091184B2381841F007ED55C;
			productRefGroup = 909118552381841F007ED55C /* Products */;
			projectDirPath = "";
			projectRoot = "";
			targets = (
				909118532381841F007ED55C /* Huli Pizza */,
			);
		};
/* End PBXProject section */

/* Begin PBXResourcesBuildPhase section */
		909118522381841F007ED55C /* Resources */ = {
			isa = PBXResourcesBuildPhase;
			buildActionMask = 2147483647;
			files = (
				9091186423818420007ED55C /* LaunchScreen.storyboard in Resources */,
				9091186123818420007ED55C /* Preview Assets.xcassets in Resources */,
				9091185E23818420007ED55C /* Assets.xcassets in Resources */,
			);
			runOnlyForDeploymentPostprocessing = 0;
		};
/* End PBXResourcesBuildPhase section */

/* Begin PBXSourcesBuildPhase section */
		909118502381841F007ED55C /* Sources */ = {
			isa = PBXSourcesBuildPhase;
			buildActionMask = 2147483647;
			files = (
				909118582381841F007ED55C /* AppDelegate.swift in Sources */,
				90F7786D2382ED0F007061D2 /* MenuListView.swift in Sources */,
				90F7786B2382EC35007061D2 /* OrderListView.swift in Sources */,
				90F7786F2382EDA6007061D2 /* ContentHeaderView.swift in Sources */,
				90F778752382F156007061D2 /* RatingsView.swift in Sources */,
				90F778732382F105007061D2 /* MenuRowView.swift in Sources */,
				9091185A2381841F007ED55C /* SceneDelegate.swift in Sources */,
				90F778712382F069007061D2 /* OrderRowView.swift in Sources */,
				9091185C2381841F007ED55C /* ContentView.swift in Sources */,
			);
			runOnlyForDeploymentPostprocessing = 0;
		};
/* End PBXSourcesBuildPhase section */

/* Begin PBXVariantGroup section */
		9091186223818420007ED55C /* LaunchScreen.storyboard */ = {
			isa = PBXVariantGroup;
			children = (
				9091186323818420007ED55C /* Base */,
			);
			name = LaunchScreen.storyboard;
			sourceTree = "<group>";
		};
/* End PBXVariantGroup section */

/* Begin XCBuildConfiguration section */
		9091186623818420007ED55C /* Debug */ = {
			isa = XCBuildConfiguration;
			buildSettings = {
				ALWAYS_SEARCH_USER_PATHS = NO;
				CLANG_ANALYZER_NONNULL = YES;
				CLANG_ANALYZER_NUMBER_OBJECT_CONVERSION = YES_AGGRESSIVE;
				CLANG_CXX_LANGUAGE_STANDARD = "gnu++14";
				CLANG_CXX_LIBRARY = "libc++";
				CLANG_ENABLE_MODULES = YES;
				CLANG_ENABLE_OBJC_ARC = YES;
				CLANG_ENABLE_OBJC_WEAK = YES;
				CLANG_WARN_BLOCK_CAPTURE_AUTORELEASING = YES;
				CLANG_WARN_BOOL_CONVERSION = YES;
				CLANG_WARN_COMMA = YES;
				CLANG_WARN_CONSTANT_CONVERSION = YES;
				CLANG_WARN_DEPRECATED_OBJC_IMPLEMENTATIONS = YES;
				CLANG_WARN_DIRECT_OBJC_ISA_USAGE = YES_ERROR;
				CLANG_WARN_DOCUMENTATION_COMMENTS = YES;
				CLANG_WARN_EMPTY_BODY = YES;
				CLANG_WARN_ENUM_CONVERSION = YES;
				CLANG_WARN_INFINITE_RECURSION = YES;
				CLANG_WARN_INT_CONVERSION = YES;
				CLANG_WARN_NON_LITERAL_NULL_CONVERSION = YES;
				CLANG_WARN_OBJC_IMPLICIT_RETAIN_SELF = YES;
				CLANG_WARN_OBJC_LITERAL_CONVERSION = YES;
				CLANG_WARN_OBJC_ROOT_CLASS = YES_ERROR;
				CLANG_WARN_RANGE_LOOP_ANALYSIS = YES;
				CLANG_WARN_STRICT_PROTOTYPES = YES;
				CLANG_WARN_SUSPICIOUS_MOVE = YES;
				CLANG_WARN_UNGUARDED_AVAILABILITY = YES_AGGRESSIVE;
				CLANG_WARN_UNREACHABLE_CODE = YES;
				CLANG_WARN__DUPLICATE_METHOD_MATCH = YES;
				COPY_PHASE_STRIP = NO;
				DEBUG_INFORMATION_FORMAT = dwarf;
				ENABLE_STRICT_OBJC_MSGSEND = YES;
				ENABLE_TESTABILITY = YES;
				GCC_C_LANGUAGE_STANDARD = gnu11;
				GCC_DYNAMIC_NO_PIC = NO;
				GCC_NO_COMMON_BLOCKS = YES;
				GCC_OPTIMIZATION_LEVEL = 0;
				GCC_PREPROCESSOR_DEFINITIONS = (
					"DEBUG=1",
					"$(inherited)",
				);
				GCC_WARN_64_TO_32_BIT_CONVERSION = YES;
				GCC_WARN_ABOUT_RETURN_TYPE = YES_ERROR;
				GCC_WARN_UNDECLARED_SELECTOR = YES;
				GCC_WARN_UNINITIALIZED_AUTOS = YES_AGGRESSIVE;
				GCC_WARN_UNUSED_FUNCTION = YES;
				GCC_WARN_UNUSED_VARIABLE = YES;
				IPHONEOS_DEPLOYMENT_TARGET = 13.2;
				MTL_ENABLE_DEBUG_INFO = INCLUDE_SOURCE;
				MTL_FAST_MATH = YES;
				ONLY_ACTIVE_ARCH = YES;
				SDKROOT = iphoneos;
				SWIFT_ACTIVE_COMPILATION_CONDITIONS = DEBUG;
				SWIFT_OPTIMIZATION_LEVEL = "-Onone";
			};
			name = Debug;
		};
		9091186723818420007ED55C /* Release */ = {
			isa = XCBuildConfiguration;
			buildSettings = {
				ALWAYS_SEARCH_USER_PATHS = NO;
				CLANG_ANALYZER_NONNULL = YES;
				CLANG_ANALYZER_NUMBER_OBJECT_CONVERSION = YES_AGGRESSIVE;
				CLANG_CXX_LANGUAGE_STANDARD = "gnu++14";
				CLANG_CXX_LIBRARY = "libc++";
				CLANG_ENABLE_MODULES = YES;
				CLANG_ENABLE_OBJC_ARC = YES;
				CLANG_ENABLE_OBJC_WEAK = YES;
				CLANG_WARN_BLOCK_CAPTURE_AUTORELEASING = YES;
				CLANG_WARN_BOOL_CONVERSION = YES;
				CLANG_WARN_COMMA = YES;
				CLANG_WARN_CONSTANT_CONVERSION = YES;
				CLANG_WARN_DEPRECATED_OBJC_IMPLEMENTATIONS = YES;
				CLANG_WARN_DIRECT_OBJC_ISA_USAGE = YES_ERROR;
				CLANG_WARN_DOCUMENTATION_COMMENTS = YES;
				CLANG_WARN_EMPTY_BODY = YES;
				CLANG_WARN_ENUM_CONVERSION = YES;
				CLANG_WARN_INFINITE_RECURSION = YES;
				CLANG_WARN_INT_CONVERSION = YES;
				CLANG_WARN_NON_LITERAL_NULL_CONVERSION = YES;
				CLANG_WARN_OBJC_IMPLICIT_RETAIN_SELF = YES;
				CLANG_WARN_OBJC_LITERAL_CONVERSION = YES;
				CLANG_WARN_OBJC_ROOT_CLASS = YES_ERROR;
				CLANG_WARN_RANGE_LOOP_ANALYSIS = YES;
				CLANG_WARN_STRICT_PROTOTYPES = YES;
				CLANG_WARN_SUSPICIOUS_MOVE = YES;
				CLANG_WARN_UNGUARDED_AVAILABILITY = YES_AGGRESSIVE;
				CLANG_WARN_UNREACHABLE_CODE = YES;
				CLANG_WARN__DUPLICATE_METHOD_MATCH = YES;
				COPY_PHASE_STRIP = NO;
				DEBUG_INFORMATION_FORMAT = "dwarf-with-dsym";
				ENABLE_NS_ASSERTIONS = NO;
				ENABLE_STRICT_OBJC_MSGSEND = YES;
				GCC_C_LANGUAGE_STANDARD = gnu11;
				GCC_NO_COMMON_BLOCKS = YES;
				GCC_WARN_64_TO_32_BIT_CONVERSION = YES;
				GCC_WARN_ABOUT_RETURN_TYPE = YES_ERROR;
				GCC_WARN_UNDECLARED_SELECTOR = YES;
				GCC_WARN_UNINITIALIZED_AUTOS = YES_AGGRESSIVE;
				GCC_WARN_UNUSED_FUNCTION = YES;
				GCC_WARN_UNUSED_VARIABLE = YES;
				IPHONEOS_DEPLOYMENT_TARGET = 13.2;
				MTL_ENABLE_DEBUG_INFO = NO;
				MTL_FAST_MATH = YES;
				SDKROOT = iphoneos;
				SWIFT_COMPILATION_MODE = wholemodule;
				SWIFT_OPTIMIZATION_LEVEL = "-O";
				VALIDATE_PRODUCT = YES;
			};
			name = Release;
		};
		9091186923818420007ED55C /* Debug */ = {
			isa = XCBuildConfiguration;
			buildSettings = {
				ASSETCATALOG_COMPILER_APPICON_NAME = AppIcon;
				CODE_SIGN_STYLE = Automatic;
				DEVELOPMENT_ASSET_PATHS = "\"Huli Pizza/Preview Content\"";
				DEVELOPMENT_TEAM = Q3EJJ6M7CU;
				ENABLE_PREVIEWS = YES;
				INFOPLIST_FILE = "Huli Pizza/Info.plist";
				LD_RUNPATH_SEARCH_PATHS = (
					"$(inherited)",
					"@executable_path/Frameworks",
				);
				PRODUCT_BUNDLE_IDENTIFIER = "com.XiApps.Huli-Pizza";
				PRODUCT_NAME = "$(TARGET_NAME)";
				SWIFT_VERSION = 5.0;
				TARGETED_DEVICE_FAMILY = "1,2";
			};
			name = Debug;
		};
		9091186A23818420007ED55C /* Release */ = {
			isa = XCBuildConfiguration;
			buildSettings = {
				ASSETCATALOG_COMPILER_APPICON_NAME = AppIcon;
				CODE_SIGN_STYLE = Automatic;
				DEVELOPMENT_ASSET_PATHS = "\"Huli Pizza/Preview Content\"";
				DEVELOPMENT_TEAM = Q3EJJ6M7CU;
				ENABLE_PREVIEWS = YES;
				INFOPLIST_FILE = "Huli Pizza/Info.plist";
				LD_RUNPATH_SEARCH_PATHS = (
					"$(inherited)",
					"@executable_path/Frameworks",
				);
				PRODUCT_BUNDLE_IDENTIFIER = "com.XiApps.Huli-Pizza";
				PRODUCT_NAME = "$(TARGET_NAME)";
				SWIFT_VERSION = 5.0;
				TARGETED_DEVICE_FAMILY = "1,2";
			};
			name = Release;
		};
/* End XCBuildConfiguration section */

/* Begin XCConfigurationList section */
		9091184F2381841F007ED55C /* Build configuration list for PBXProject "Huli Pizza" */ = {
			isa = XCConfigurationList;
			buildConfigurations = (
				9091186623818420007ED55C /* Debug */,
				9091186723818420007ED55C /* Release */,
			);
			defaultConfigurationIsVisible = 0;
			defaultConfigurationName = Release;
		};
		9091186823818420007ED55C /* Build configuration list for PBXNativeTarget "Huli Pizza" */ = {
			isa = XCConfigurationList;
			buildConfigurations = (
				9091186923818420007ED55C /* Debug */,
				9091186A23818420007ED55C /* Release */,
			);
			defaultConfigurationIsVisible = 0;
			defaultConfigurationName = Release;
		};
/* End XCConfigurationList section */
	};
	rootObject = 9091184C2381841F007ED55C /* Project object */;
}
